
Microsoft Visual Studio Solution File, Format Version 12.00
# Visual Studio Version 17
VisualStudioVersion = 17.7.34202.233
MinimumVisualStudioVersion = 10.0.40219.1
Project("{FAE04EC0-301F-11D3-BF4B-00C04F79EFBC}") = "CV_Maker", "CV_Maker.csproj", "{1F047D3B-3904-43B8-853D-25DED78E8CAD}"
EndProject
Global
	GlobalSection(SolutionConfigurationPlatforms) = preSolution
		Debug|Any CPU = Debug|Any CPU
		Release|Any CPU = Release|Any CPU
	EndGlobalSection
	GlobalSection(ProjectConfigurationPlatforms) = postSolution
		{1F047D3B-3904-43B8-853D-25DED78E8CAD}.Debug|Any CPU.ActiveCfg = Debug|Any CPU
		{1F047D3B-3904-43B8-853D-25DED78E8CAD}.Debug|Any CPU.Build.0 = Debug|Any CPU
		{1F047D3B-3904-43B8-853D-25DED78E8CAD}.Release|Any CPU.ActiveCfg = Release|Any CPU
		{1F047D3B-3904-43B8-853D-25DED78E8CAD}.Release|Any CPU.Build.0 = Release|Any CPU
	EndGlobalSection
	GlobalSection(SolutionProperties) = preSolution
		HideSolutionNode = FALSE
	EndGlobalSection
	GlobalSection(ExtensibilityGlobals) = postSolution
		SolutionGuid = {DBB6A015-3197-4818-97D0-D5C04A2586FD}
	EndGlobalSection
EndGlobal
